
Microsoft Visual Studio Solution File, Format Version 12.00
# Visual Studio Version 16
VisualStudioVersion = 16.0.31911.196
MinimumVisualStudioVersion = 10.0.40219.1
Project("{FAE04EC0-301F-11D3-BF4B-00C04F79EFBC}") = "ProjectLivingCreatures", "ProjectLivingCreatures\ProjectLivingCreatures.csproj", "{5761A192-A5BD-4413-A622-7F22C999A0B6}"
EndProject
Global
	GlobalSection(SolutionConfigurationPlatforms) = preSolution
		Debug|Any CPU = Debug|Any CPU
		Release|Any CPU = Release|Any CPU
	EndGlobalSection
	GlobalSection(ProjectConfigurationPlatforms) = postSolution
		{5761A192-A5BD-4413-A622-7F22C999A0B6}.Debug|Any CPU.ActiveCfg = Debug|Any CPU
		{5761A192-A5BD-4413-A622-7F22C999A0B6}.Debug|Any CPU.Build.0 = Debug|Any CPU
		{5761A192-A5BD-4413-A622-7F22C999A0B6}.Release|Any CPU.ActiveCfg = Release|Any CPU
		{5761A192-A5BD-4413-A622-7F22C999A0B6}.Release|Any CPU.Build.0 = Release|Any CPU
	EndGlobalSection
	GlobalSection(SolutionProperties) = preSolution
		HideSolutionNode = FALSE
	EndGlobalSection
	GlobalSection(ExtensibilityGlobals) = postSolution
		SolutionGuid = {B27C3C48-93FA-494A-92D2-0F97C5A8FEAB}
	EndGlobalSection
EndGlobal
